{
  "version": 4,
  "terraform_version": "1.3.4",
  "serial": 27,
  "lineage": "62144be6-b6da-5c34-397b-a940bb5e9295",
  "outputs": {},
  "resources": [
    {
      "mode": "data",
      "type": "template_file",
      "name": "instance_userdata",
      "provider": "provider[\"registry.terraform.io/hashicorp/template\"]",
      "instances": [
        {
          "schema_version": 0,
          "attributes": {
            "filename": null,
            "id": "35a379ca74edbef3a1da353e175b40209e268fc80a8ed73849e62283c9684b0b",
            "rendered": "#cloud-config\n\nlocale: ru_RU.UTF-8\n\ntimezone: Europe/Moscow\n\nusers:\n  - name: ubuntu\n    groups: sudo\n    lock-passwd: false\n    shell: /bin/bash\n    sudo: ['ALL=(ALL) NOPASSWD:ALL']\n    ssh-authorized-keys:\n      - ssh-rsa AAAAB3NzaC1yc2EAAAADAQABAAABgQDkk12d1MVUrz6MVtOI1CIWxk4SE0IIcVDviqGSuxXntzvcQmQR0tUleoXsViab+jseMsqlOhqCxNb7EAhiQOSMMIQeU+Uv0c4Oqkh4sMw2xNyMoFE/kLCHRnq210wVvQpsy+lBaEoRYq1hTwKELVo3d1iWutia7zUr7bK9PqNpj6PjL2yjDz9QVew7X4NcpgGL8Ant0msXgelcU2MpaPgnJXfPVrVCtMvBWm/cI3JmRHUVlJ4m6ReP1Qu67isUAF/yADeOhbZ5jxiCcHrGteNLGGvx0p1XhFOc3/6g+guxNwhs/kKzQLhibY2MYpI/ip2KiQKVOONiMZGXHPaKoUP4vtiI4XAcA5PNNMVQzCz90zbRGTxOL/X1mQ7ASoC2OB8hqKJ0GjD1WufjPtAWxkyu7YxhapKBpiLLNvffUDPLHUxBwbDdOr+g6nIGMwtHuf9xj1xu/LQU9L45FywB+/FjccrNcV9wGY66OAGRkki3nYBSOm1MQLIj9dNP5jYqCJ8= admin@fedora\n",
            "template": "#cloud-config\n\nlocale: ru_RU.UTF-8\n\ntimezone: Europe/Moscow\n\nusers:\n  - name: ${username}\n    groups: sudo\n    lock-passwd: false\n    shell: /bin/bash\n    sudo: ['ALL=(ALL) NOPASSWD:ALL']\n    ssh-authorized-keys:\n      - ${ssh_public}",
            "vars": {
              "env": "perf",
              "ssh_public": "ssh-rsa AAAAB3NzaC1yc2EAAAADAQABAAABgQDkk12d1MVUrz6MVtOI1CIWxk4SE0IIcVDviqGSuxXntzvcQmQR0tUleoXsViab+jseMsqlOhqCxNb7EAhiQOSMMIQeU+Uv0c4Oqkh4sMw2xNyMoFE/kLCHRnq210wVvQpsy+lBaEoRYq1hTwKELVo3d1iWutia7zUr7bK9PqNpj6PjL2yjDz9QVew7X4NcpgGL8Ant0msXgelcU2MpaPgnJXfPVrVCtMvBWm/cI3JmRHUVlJ4m6ReP1Qu67isUAF/yADeOhbZ5jxiCcHrGteNLGGvx0p1XhFOc3/6g+guxNwhs/kKzQLhibY2MYpI/ip2KiQKVOONiMZGXHPaKoUP4vtiI4XAcA5PNNMVQzCz90zbRGTxOL/X1mQ7ASoC2OB8hqKJ0GjD1WufjPtAWxkyu7YxhapKBpiLLNvffUDPLHUxBwbDdOr+g6nIGMwtHuf9xj1xu/LQU9L45FywB+/FjccrNcV9wGY66OAGRkki3nYBSOm1MQLIj9dNP5jYqCJ8= admin@fedora\n",
              "username": "ubuntu"
            }
          },
          "sensitive_attributes": []
        }
      ]
    },
    {
      "mode": "data",
      "type": "yandex_compute_image",
      "name": "ubuntu_2004",
      "provider": "provider[\"terraform-registry.storage.yandexcloud.net/yandex-cloud/yandex\"]",
      "instances": [
        {
          "schema_version": 0,
          "attributes": {
            "created_at": "2022-08-22T10:46:20Z",
            "description": "ubuntu 20.04 lts",
            "family": "ubuntu-2004-lts",
            "folder_id": "standard-images",
            "id": "fd8kdq6d0p8sij7h5qe3",
            "image_id": "fd8kdq6d0p8sij7h5qe3",
            "labels": {},
            "min_disk_size": 5,
            "name": "ubuntu-20-04-lts-v20220822",
            "os_type": "linux",
            "pooled": true,
            "product_ids": [
              "f2er5d1rpg1psq16o2gc"
            ],
            "size": 4,
            "status": "ready"
          },
          "sensitive_attributes": []
        }
      ]
    },
    {
      "mode": "managed",
      "type": "yandex_compute_instance",
      "name": "manager",
      "provider": "provider[\"terraform-registry.storage.yandexcloud.net/yandex-cloud/yandex\"]",
      "instances": [
        {
          "index_key": 0,
          "schema_version": 1,
          "attributes": {
            "allow_stopping_for_update": true,
            "boot_disk": [
              {
                "auto_delete": true,
                "device_name": "fhm5oktbp1rra5ibbfie",
                "disk_id": "fhm5oktbp1rra5ibbfie",
                "initialize_params": [
                  {
                    "block_size": 4096,
                    "description": "",
                    "image_id": "fd8kdq6d0p8sij7h5qe3",
                    "name": "",
                    "size": 30,
                    "snapshot_id": "",
                    "type": "network-ssd"
                  }
                ],
                "mode": "READ_WRITE"
              }
            ],
            "created_at": "2022-11-15T15:07:38Z",
            "description": "manager-01",
            "folder_id": "b1gvvtkibf0p4g3i3pgg",
            "fqdn": "manager-01.ru-central1.internal",
            "hostname": "manager-01",
            "id": "fhm19617in6440dr6v4u",
            "labels": null,
            "metadata": {
              "user-data": "#cloud-config\n\nlocale: ru_RU.UTF-8\n\ntimezone: Europe/Moscow\n\nusers:\n  - name: ubuntu\n    groups: sudo\n    lock-passwd: false\n    shell: /bin/bash\n    sudo: ['ALL=(ALL) NOPASSWD:ALL']\n    ssh-authorized-keys:\n      - ssh-rsa AAAAB3NzaC1yc2EAAAADAQABAAABgQDkk12d1MVUrz6MVtOI1CIWxk4SE0IIcVDviqGSuxXntzvcQmQR0tUleoXsViab+jseMsqlOhqCxNb7EAhiQOSMMIQeU+Uv0c4Oqkh4sMw2xNyMoFE/kLCHRnq210wVvQpsy+lBaEoRYq1hTwKELVo3d1iWutia7zUr7bK9PqNpj6PjL2yjDz9QVew7X4NcpgGL8Ant0msXgelcU2MpaPgnJXfPVrVCtMvBWm/cI3JmRHUVlJ4m6ReP1Qu67isUAF/yADeOhbZ5jxiCcHrGteNLGGvx0p1XhFOc3/6g+guxNwhs/kKzQLhibY2MYpI/ip2KiQKVOONiMZGXHPaKoUP4vtiI4XAcA5PNNMVQzCz90zbRGTxOL/X1mQ7ASoC2OB8hqKJ0GjD1WufjPtAWxkyu7YxhapKBpiLLNvffUDPLHUxBwbDdOr+g6nIGMwtHuf9xj1xu/LQU9L45FywB+/FjccrNcV9wGY66OAGRkki3nYBSOm1MQLIj9dNP5jYqCJ8= admin@fedora\n"
            },
            "name": "manager-01",
            "network_acceleration_type": "standard",
            "network_interface": [
              {
                "dns_record": [],
                "index": 0,
                "ip_address": "10.1.2.25",
                "ipv4": true,
                "ipv6": false,
                "ipv6_address": "",
                "ipv6_dns_record": [],
                "mac_address": "d0:0d:14:98:27:95",
                "nat": true,
                "nat_dns_record": [],
                "nat_ip_address": "158.160.40.226",
                "nat_ip_version": "IPV4",
                "security_group_ids": [],
                "subnet_id": "e9be6jttamgv2fhmqu9k"
              }
            ],
            "placement_policy": [
              {
                "placement_group_id": ""
              }
            ],
            "platform_id": "standard-v2",
            "resources": [
              {
                "core_fraction": 100,
                "cores": 2,
                "gpus": 0,
                "memory": 4
              }
            ],
            "scheduling_policy": [
              {
                "preemptible": false
              }
            ],
            "secondary_disk": [],
            "service_account_id": "",
            "status": "running",
            "timeouts": null,
            "zone": "ru-central1-a"
          },
          "sensitive_attributes": [],
          "private": "eyJlMmJmYjczMC1lY2FhLTExZTYtOGY4OC0zNDM2M2JjN2M0YzAiOnsiY3JlYXRlIjozMDAwMDAwMDAwMDAsImRlbGV0ZSI6MzAwMDAwMDAwMDAwLCJ1cGRhdGUiOjMwMDAwMDAwMDAwMH0sInNjaGVtYV92ZXJzaW9uIjoiMSJ9",
          "dependencies": [
            "data.template_file.instance_userdata",
            "data.yandex_compute_image.ubuntu_2004"
          ]
        },
        {
          "index_key": 1,
          "schema_version": 1,
          "attributes": {
            "allow_stopping_for_update": true,
            "boot_disk": [
              {
                "auto_delete": true,
                "device_name": "fhmht2g11j7873695q5n",
                "disk_id": "fhmht2g11j7873695q5n",
                "initialize_params": [
                  {
                    "block_size": 4096,
                    "description": "",
                    "image_id": "fd8kdq6d0p8sij7h5qe3",
                    "name": "",
                    "size": 30,
                    "snapshot_id": "",
                    "type": "network-ssd"
                  }
                ],
                "mode": "READ_WRITE"
              }
            ],
            "created_at": "2022-11-15T15:07:38Z",
            "description": "manager-02",
            "folder_id": "b1gvvtkibf0p4g3i3pgg",
            "fqdn": "manager-02.ru-central1.internal",
            "hostname": "manager-02",
            "id": "fhmq0rcbrf7j702nkgso",
            "labels": null,
            "metadata": {
              "user-data": "#cloud-config\n\nlocale: ru_RU.UTF-8\n\ntimezone: Europe/Moscow\n\nusers:\n  - name: ubuntu\n    groups: sudo\n    lock-passwd: false\n    shell: /bin/bash\n    sudo: ['ALL=(ALL) NOPASSWD:ALL']\n    ssh-authorized-keys:\n      - ssh-rsa AAAAB3NzaC1yc2EAAAADAQABAAABgQDkk12d1MVUrz6MVtOI1CIWxk4SE0IIcVDviqGSuxXntzvcQmQR0tUleoXsViab+jseMsqlOhqCxNb7EAhiQOSMMIQeU+Uv0c4Oqkh4sMw2xNyMoFE/kLCHRnq210wVvQpsy+lBaEoRYq1hTwKELVo3d1iWutia7zUr7bK9PqNpj6PjL2yjDz9QVew7X4NcpgGL8Ant0msXgelcU2MpaPgnJXfPVrVCtMvBWm/cI3JmRHUVlJ4m6ReP1Qu67isUAF/yADeOhbZ5jxiCcHrGteNLGGvx0p1XhFOc3/6g+guxNwhs/kKzQLhibY2MYpI/ip2KiQKVOONiMZGXHPaKoUP4vtiI4XAcA5PNNMVQzCz90zbRGTxOL/X1mQ7ASoC2OB8hqKJ0GjD1WufjPtAWxkyu7YxhapKBpiLLNvffUDPLHUxBwbDdOr+g6nIGMwtHuf9xj1xu/LQU9L45FywB+/FjccrNcV9wGY66OAGRkki3nYBSOm1MQLIj9dNP5jYqCJ8= admin@fedora\n"
            },
            "name": "manager-02",
            "network_acceleration_type": "standard",
            "network_interface": [
              {
                "dns_record": [],
                "index": 0,
                "ip_address": "10.1.2.8",
                "ipv4": true,
                "ipv6": false,
                "ipv6_address": "",
                "ipv6_dns_record": [],
                "mac_address": "d0:0d:1a:06:d8:bd",
                "nat": true,
                "nat_dns_record": [],
                "nat_ip_address": "62.84.124.201",
                "nat_ip_version": "IPV4",
                "security_group_ids": [],
                "subnet_id": "e9be6jttamgv2fhmqu9k"
              }
            ],
            "placement_policy": [
              {
                "placement_group_id": ""
              }
            ],
            "platform_id": "standard-v2",
            "resources": [
              {
                "core_fraction": 100,
                "cores": 2,
                "gpus": 0,
                "memory": 4
              }
            ],
            "scheduling_policy": [
              {
                "preemptible": false
              }
            ],
            "secondary_disk": [],
            "service_account_id": "",
            "status": "running",
            "timeouts": null,
            "zone": "ru-central1-a"
          },
          "sensitive_attributes": [],
          "private": "eyJlMmJmYjczMC1lY2FhLTExZTYtOGY4OC0zNDM2M2JjN2M0YzAiOnsiY3JlYXRlIjozMDAwMDAwMDAwMDAsImRlbGV0ZSI6MzAwMDAwMDAwMDAwLCJ1cGRhdGUiOjMwMDAwMDAwMDAwMH0sInNjaGVtYV92ZXJzaW9uIjoiMSJ9",
          "dependencies": [
            "data.template_file.instance_userdata",
            "data.yandex_compute_image.ubuntu_2004"
          ]
        },
        {
          "index_key": 2,
          "schema_version": 1,
          "attributes": {
            "allow_stopping_for_update": true,
            "boot_disk": [
              {
                "auto_delete": true,
                "device_name": "fhmgr7hssfe14n8dgoj6",
                "disk_id": "fhmgr7hssfe14n8dgoj6",
                "initialize_params": [
                  {
                    "block_size": 4096,
                    "description": "",
                    "image_id": "fd8kdq6d0p8sij7h5qe3",
                    "name": "",
                    "size": 30,
                    "snapshot_id": "",
                    "type": "network-ssd"
                  }
                ],
                "mode": "READ_WRITE"
              }
            ],
            "created_at": "2022-11-15T15:07:38Z",
            "description": "manager-03",
            "folder_id": "b1gvvtkibf0p4g3i3pgg",
            "fqdn": "manager-03.ru-central1.internal",
            "hostname": "manager-03",
            "id": "fhmko759iautvqndiit8",
            "labels": null,
            "metadata": {
              "user-data": "#cloud-config\n\nlocale: ru_RU.UTF-8\n\ntimezone: Europe/Moscow\n\nusers:\n  - name: ubuntu\n    groups: sudo\n    lock-passwd: false\n    shell: /bin/bash\n    sudo: ['ALL=(ALL) NOPASSWD:ALL']\n    ssh-authorized-keys:\n      - ssh-rsa AAAAB3NzaC1yc2EAAAADAQABAAABgQDkk12d1MVUrz6MVtOI1CIWxk4SE0IIcVDviqGSuxXntzvcQmQR0tUleoXsViab+jseMsqlOhqCxNb7EAhiQOSMMIQeU+Uv0c4Oqkh4sMw2xNyMoFE/kLCHRnq210wVvQpsy+lBaEoRYq1hTwKELVo3d1iWutia7zUr7bK9PqNpj6PjL2yjDz9QVew7X4NcpgGL8Ant0msXgelcU2MpaPgnJXfPVrVCtMvBWm/cI3JmRHUVlJ4m6ReP1Qu67isUAF/yADeOhbZ5jxiCcHrGteNLGGvx0p1XhFOc3/6g+guxNwhs/kKzQLhibY2MYpI/ip2KiQKVOONiMZGXHPaKoUP4vtiI4XAcA5PNNMVQzCz90zbRGTxOL/X1mQ7ASoC2OB8hqKJ0GjD1WufjPtAWxkyu7YxhapKBpiLLNvffUDPLHUxBwbDdOr+g6nIGMwtHuf9xj1xu/LQU9L45FywB+/FjccrNcV9wGY66OAGRkki3nYBSOm1MQLIj9dNP5jYqCJ8= admin@fedora\n"
            },
            "name": "manager-03",
            "network_acceleration_type": "standard",
            "network_interface": [
              {
                "dns_record": [],
                "index": 0,
                "ip_address": "10.1.2.13",
                "ipv4": true,
                "ipv6": false,
                "ipv6_address": "",
                "ipv6_dns_record": [],
                "mac_address": "d0:0d:14:c1:ca:99",
                "nat": true,
                "nat_dns_record": [],
                "nat_ip_address": "51.250.8.131",
                "nat_ip_version": "IPV4",
                "security_group_ids": [],
                "subnet_id": "e9be6jttamgv2fhmqu9k"
              }
            ],
            "placement_policy": [
              {
                "placement_group_id": ""
              }
            ],
            "platform_id": "standard-v2",
            "resources": [
              {
                "core_fraction": 100,
                "cores": 2,
                "gpus": 0,
                "memory": 4
              }
            ],
            "scheduling_policy": [
              {
                "preemptible": false
              }
            ],
            "secondary_disk": [],
            "service_account_id": "",
            "status": "running",
            "timeouts": null,
            "zone": "ru-central1-a"
          },
          "sensitive_attributes": [],
          "private": "eyJlMmJmYjczMC1lY2FhLTExZTYtOGY4OC0zNDM2M2JjN2M0YzAiOnsiY3JlYXRlIjozMDAwMDAwMDAwMDAsImRlbGV0ZSI6MzAwMDAwMDAwMDAwLCJ1cGRhdGUiOjMwMDAwMDAwMDAwMH0sInNjaGVtYV92ZXJzaW9uIjoiMSJ9",
          "dependencies": [
            "data.template_file.instance_userdata",
            "data.yandex_compute_image.ubuntu_2004"
          ]
        }
      ]
    },
    {
      "mode": "managed",
      "type": "yandex_compute_instance",
      "name": "worker",
      "provider": "provider[\"terraform-registry.storage.yandexcloud.net/yandex-cloud/yandex\"]",
      "instances": [
        {
          "index_key": 0,
          "schema_version": 1,
          "attributes": {
            "allow_stopping_for_update": true,
            "boot_disk": [
              {
                "auto_delete": true,
                "device_name": "fhmu5r6qn1iaeo7qffou",
                "disk_id": "fhmu5r6qn1iaeo7qffou",
                "initialize_params": [
                  {
                    "block_size": 4096,
                    "description": "",
                    "image_id": "fd8kdq6d0p8sij7h5qe3",
                    "name": "",
                    "size": 30,
                    "snapshot_id": "",
                    "type": "network-ssd"
                  }
                ],
                "mode": "READ_WRITE"
              }
            ],
            "created_at": "2022-11-15T15:07:38Z",
            "description": "worker-01",
            "folder_id": "b1gvvtkibf0p4g3i3pgg",
            "fqdn": "worker-01.ru-central1.internal",
            "hostname": "worker-01",
            "id": "fhm9i2blsmsdk7d9fsj9",
            "labels": null,
            "metadata": {
              "user-data": "#cloud-config\n\nlocale: ru_RU.UTF-8\n\ntimezone: Europe/Moscow\n\nusers:\n  - name: ubuntu\n    groups: sudo\n    lock-passwd: false\n    shell: /bin/bash\n    sudo: ['ALL=(ALL) NOPASSWD:ALL']\n    ssh-authorized-keys:\n      - ssh-rsa AAAAB3NzaC1yc2EAAAADAQABAAABgQDkk12d1MVUrz6MVtOI1CIWxk4SE0IIcVDviqGSuxXntzvcQmQR0tUleoXsViab+jseMsqlOhqCxNb7EAhiQOSMMIQeU+Uv0c4Oqkh4sMw2xNyMoFE/kLCHRnq210wVvQpsy+lBaEoRYq1hTwKELVo3d1iWutia7zUr7bK9PqNpj6PjL2yjDz9QVew7X4NcpgGL8Ant0msXgelcU2MpaPgnJXfPVrVCtMvBWm/cI3JmRHUVlJ4m6ReP1Qu67isUAF/yADeOhbZ5jxiCcHrGteNLGGvx0p1XhFOc3/6g+guxNwhs/kKzQLhibY2MYpI/ip2KiQKVOONiMZGXHPaKoUP4vtiI4XAcA5PNNMVQzCz90zbRGTxOL/X1mQ7ASoC2OB8hqKJ0GjD1WufjPtAWxkyu7YxhapKBpiLLNvffUDPLHUxBwbDdOr+g6nIGMwtHuf9xj1xu/LQU9L45FywB+/FjccrNcV9wGY66OAGRkki3nYBSOm1MQLIj9dNP5jYqCJ8= admin@fedora\n"
            },
            "name": "worker-01",
            "network_acceleration_type": "standard",
            "network_interface": [
              {
                "dns_record": [],
                "index": 0,
                "ip_address": "10.1.2.12",
                "ipv4": true,
                "ipv6": false,
                "ipv6_address": "",
                "ipv6_dns_record": [],
                "mac_address": "d0:0d:99:09:75:e5",
                "nat": true,
                "nat_dns_record": [],
                "nat_ip_address": "158.160.43.239",
                "nat_ip_version": "IPV4",
                "security_group_ids": [],
                "subnet_id": "e9be6jttamgv2fhmqu9k"
              }
            ],
            "placement_policy": [
              {
                "placement_group_id": ""
              }
            ],
            "platform_id": "standard-v2",
            "resources": [
              {
                "core_fraction": 100,
                "cores": 2,
                "gpus": 0,
                "memory": 4
              }
            ],
            "scheduling_policy": [
              {
                "preemptible": false
              }
            ],
            "secondary_disk": [],
            "service_account_id": "",
            "status": "running",
            "timeouts": null,
            "zone": "ru-central1-a"
          },
          "sensitive_attributes": [],
          "private": "eyJlMmJmYjczMC1lY2FhLTExZTYtOGY4OC0zNDM2M2JjN2M0YzAiOnsiY3JlYXRlIjozMDAwMDAwMDAwMDAsImRlbGV0ZSI6MzAwMDAwMDAwMDAwLCJ1cGRhdGUiOjMwMDAwMDAwMDAwMH0sInNjaGVtYV92ZXJzaW9uIjoiMSJ9",
          "dependencies": [
            "data.template_file.instance_userdata",
            "data.yandex_compute_image.ubuntu_2004"
          ]
        },
        {
          "index_key": 1,
          "schema_version": 1,
          "attributes": {
            "allow_stopping_for_update": true,
            "boot_disk": [
              {
                "auto_delete": true,
                "device_name": "fhm145shnkvc9duivcir",
                "disk_id": "fhm145shnkvc9duivcir",
                "initialize_params": [
                  {
                    "block_size": 4096,
                    "description": "",
                    "image_id": "fd8kdq6d0p8sij7h5qe3",
                    "name": "",
                    "size": 30,
                    "snapshot_id": "",
                    "type": "network-ssd"
                  }
                ],
                "mode": "READ_WRITE"
              }
            ],
            "created_at": "2022-11-15T15:07:38Z",
            "description": "worker-02",
            "folder_id": "b1gvvtkibf0p4g3i3pgg",
            "fqdn": "worker-02.ru-central1.internal",
            "hostname": "worker-02",
            "id": "fhm1lq5je512tgpsf9fb",
            "labels": null,
            "metadata": {
              "user-data": "#cloud-config\n\nlocale: ru_RU.UTF-8\n\ntimezone: Europe/Moscow\n\nusers:\n  - name: ubuntu\n    groups: sudo\n    lock-passwd: false\n    shell: /bin/bash\n    sudo: ['ALL=(ALL) NOPASSWD:ALL']\n    ssh-authorized-keys:\n      - ssh-rsa AAAAB3NzaC1yc2EAAAADAQABAAABgQDkk12d1MVUrz6MVtOI1CIWxk4SE0IIcVDviqGSuxXntzvcQmQR0tUleoXsViab+jseMsqlOhqCxNb7EAhiQOSMMIQeU+Uv0c4Oqkh4sMw2xNyMoFE/kLCHRnq210wVvQpsy+lBaEoRYq1hTwKELVo3d1iWutia7zUr7bK9PqNpj6PjL2yjDz9QVew7X4NcpgGL8Ant0msXgelcU2MpaPgnJXfPVrVCtMvBWm/cI3JmRHUVlJ4m6ReP1Qu67isUAF/yADeOhbZ5jxiCcHrGteNLGGvx0p1XhFOc3/6g+guxNwhs/kKzQLhibY2MYpI/ip2KiQKVOONiMZGXHPaKoUP4vtiI4XAcA5PNNMVQzCz90zbRGTxOL/X1mQ7ASoC2OB8hqKJ0GjD1WufjPtAWxkyu7YxhapKBpiLLNvffUDPLHUxBwbDdOr+g6nIGMwtHuf9xj1xu/LQU9L45FywB+/FjccrNcV9wGY66OAGRkki3nYBSOm1MQLIj9dNP5jYqCJ8= admin@fedora\n"
            },
            "name": "worker-02",
            "network_acceleration_type": "standard",
            "network_interface": [
              {
                "dns_record": [],
                "index": 0,
                "ip_address": "10.1.2.36",
                "ipv4": true,
                "ipv6": false,
                "ipv6_address": "",
                "ipv6_dns_record": [],
                "mac_address": "d0:0d:1a:e8:b3:71",
                "nat": true,
                "nat_dns_record": [],
                "nat_ip_address": "158.160.32.152",
                "nat_ip_version": "IPV4",
                "security_group_ids": [],
                "subnet_id": "e9be6jttamgv2fhmqu9k"
              }
            ],
            "placement_policy": [
              {
                "placement_group_id": ""
              }
            ],
            "platform_id": "standard-v2",
            "resources": [
              {
                "core_fraction": 100,
                "cores": 2,
                "gpus": 0,
                "memory": 4
              }
            ],
            "scheduling_policy": [
              {
                "preemptible": false
              }
            ],
            "secondary_disk": [],
            "service_account_id": "",
            "status": "running",
            "timeouts": null,
            "zone": "ru-central1-a"
          },
          "sensitive_attributes": [],
          "private": "eyJlMmJmYjczMC1lY2FhLTExZTYtOGY4OC0zNDM2M2JjN2M0YzAiOnsiY3JlYXRlIjozMDAwMDAwMDAwMDAsImRlbGV0ZSI6MzAwMDAwMDAwMDAwLCJ1cGRhdGUiOjMwMDAwMDAwMDAwMH0sInNjaGVtYV92ZXJzaW9uIjoiMSJ9",
          "dependencies": [
            "data.template_file.instance_userdata",
            "data.yandex_compute_image.ubuntu_2004"
          ]
        },
        {
          "index_key": 2,
          "schema_version": 1,
          "attributes": {
            "allow_stopping_for_update": true,
            "boot_disk": [
              {
                "auto_delete": true,
                "device_name": "fhm1gn9qgrc4vmgguj6e",
                "disk_id": "fhm1gn9qgrc4vmgguj6e",
                "initialize_params": [
                  {
                    "block_size": 4096,
                    "description": "",
                    "image_id": "fd8kdq6d0p8sij7h5qe3",
                    "name": "",
                    "size": 30,
                    "snapshot_id": "",
                    "type": "network-ssd"
                  }
                ],
                "mode": "READ_WRITE"
              }
            ],
            "created_at": "2022-11-15T15:07:38Z",
            "description": "worker-03",
            "folder_id": "b1gvvtkibf0p4g3i3pgg",
            "fqdn": "worker-03.ru-central1.internal",
            "hostname": "worker-03",
            "id": "fhmi10d4gtc49cotmuk6",
            "labels": null,
            "metadata": {
              "user-data": "#cloud-config\n\nlocale: ru_RU.UTF-8\n\ntimezone: Europe/Moscow\n\nusers:\n  - name: ubuntu\n    groups: sudo\n    lock-passwd: false\n    shell: /bin/bash\n    sudo: ['ALL=(ALL) NOPASSWD:ALL']\n    ssh-authorized-keys:\n      - ssh-rsa AAAAB3NzaC1yc2EAAAADAQABAAABgQDkk12d1MVUrz6MVtOI1CIWxk4SE0IIcVDviqGSuxXntzvcQmQR0tUleoXsViab+jseMsqlOhqCxNb7EAhiQOSMMIQeU+Uv0c4Oqkh4sMw2xNyMoFE/kLCHRnq210wVvQpsy+lBaEoRYq1hTwKELVo3d1iWutia7zUr7bK9PqNpj6PjL2yjDz9QVew7X4NcpgGL8Ant0msXgelcU2MpaPgnJXfPVrVCtMvBWm/cI3JmRHUVlJ4m6ReP1Qu67isUAF/yADeOhbZ5jxiCcHrGteNLGGvx0p1XhFOc3/6g+guxNwhs/kKzQLhibY2MYpI/ip2KiQKVOONiMZGXHPaKoUP4vtiI4XAcA5PNNMVQzCz90zbRGTxOL/X1mQ7ASoC2OB8hqKJ0GjD1WufjPtAWxkyu7YxhapKBpiLLNvffUDPLHUxBwbDdOr+g6nIGMwtHuf9xj1xu/LQU9L45FywB+/FjccrNcV9wGY66OAGRkki3nYBSOm1MQLIj9dNP5jYqCJ8= admin@fedora\n"
            },
            "name": "worker-03",
            "network_acceleration_type": "standard",
            "network_interface": [
              {
                "dns_record": [],
                "index": 0,
                "ip_address": "10.1.2.11",
                "ipv4": true,
                "ipv6": false,
                "ipv6_address": "",
                "ipv6_dns_record": [],
                "mac_address": "d0:0d:12:08:1a:48",
                "nat": true,
                "nat_dns_record": [],
                "nat_ip_address": "84.201.133.220",
                "nat_ip_version": "IPV4",
                "security_group_ids": [],
                "subnet_id": "e9be6jttamgv2fhmqu9k"
              }
            ],
            "placement_policy": [
              {
                "placement_group_id": ""
              }
            ],
            "platform_id": "standard-v2",
            "resources": [
              {
                "core_fraction": 100,
                "cores": 2,
                "gpus": 0,
                "memory": 4
              }
            ],
            "scheduling_policy": [
              {
                "preemptible": false
              }
            ],
            "secondary_disk": [],
            "service_account_id": "",
            "status": "running",
            "timeouts": null,
            "zone": "ru-central1-a"
          },
          "sensitive_attributes": [],
          "private": "eyJlMmJmYjczMC1lY2FhLTExZTYtOGY4OC0zNDM2M2JjN2M0YzAiOnsiY3JlYXRlIjozMDAwMDAwMDAwMDAsImRlbGV0ZSI6MzAwMDAwMDAwMDAwLCJ1cGRhdGUiOjMwMDAwMDAwMDAwMH0sInNjaGVtYV92ZXJzaW9uIjoiMSJ9",
          "dependencies": [
            "data.template_file.instance_userdata",
            "data.yandex_compute_image.ubuntu_2004"
          ]
        }
      ]
    }
  ],
  "check_results": null
}
